// !$*UTF8*$!
{
	archiveVersion = 1;
	classes = {
	};
	objectVersion = 46;
	objects = {

/* Begin PBXBuildFile section */
		96AB30441773EE560095E7A7 /* UIKit.framework in Frameworks */ = {isa = PBXBuildFile; fileRef = 96AB30431773EE560095E7A7 /* UIKit.framework */; };
		96AB30461773EE560095E7A7 /* Foundation.framework in Frameworks */ = {isa = PBXBuildFile; fileRef = 96AB30451773EE560095E7A7 /* Foundation.framework */; };
		96AB30481773EE560095E7A7 /* CoreGraphics.framework in Frameworks */ = {isa = PBXBuildFile; fileRef = 96AB30471773EE560095E7A7 /* CoreGraphics.framework */; };
		96AB304E1773EE560095E7A7 /* InfoPlist.strings in Resources */ = {isa = PBXBuildFile; fileRef = 96AB304C1773EE560095E7A7 /* InfoPlist.strings */; };
		96AB30501773EE560095E7A7 /* main.m in Sources */ = {isa = PBXBuildFile; fileRef = 96AB304F1773EE560095E7A7 /* main.m */; };
		96AB30541773EE570095E7A7 /* AppDelegate.m in Sources */ = {isa = PBXBuildFile; fileRef = 96AB30531773EE570095E7A7 /* AppDelegate.m */; };
		96AB30561773EE570095E7A7 /* Default.png in Resources */ = {isa = PBXBuildFile; fileRef = 96AB30551773EE570095E7A7 /* Default.png */; };
		96AB30581773EE570095E7A7 /* Default@2x.png in Resources */ = {isa = PBXBuildFile; fileRef = 96AB30571773EE570095E7A7 /* Default@2x.png */; };
		96AB305A1773EE570095E7A7 /* Default-568h@2x.png in Resources */ = {isa = PBXBuildFile; fileRef = 96AB30591773EE570095E7A7 /* Default-568h@2x.png */; };
		96AB305D1773EE570095E7A7 /* MainStoryboard_iPhone.storyboard in Resources */ = {isa = PBXBuildFile; fileRef = 96AB305B1773EE570095E7A7 /* MainStoryboard_iPhone.storyboard */; };
		96AB30601773EE570095E7A7 /* MainStoryboard_iPad.storyboard in Resources */ = {isa = PBXBuildFile; fileRef = 96AB305E1773EE570095E7A7 /* MainStoryboard_iPad.storyboard */; };
		96AB30631773EE570095E7A7 /* MasterViewController.m in Sources */ = {isa = PBXBuildFile; fileRef = 96AB30621773EE570095E7A7 /* MasterViewController.m */; };
		96AB30661773EE570095E7A7 /* DetailViewController.m in Sources */ = {isa = PBXBuildFile; fileRef = 96AB30651773EE570095E7A7 /* DetailViewController.m */; };
/* End PBXBuildFile section */

/* Begin PBXFileReference section */
		96AB30401773EE560095E7A7 /* LocationNotifier.app */ = {isa = PBXFileReference; explicitFileType = wrapper.application; includeInIndex = 0; path = LocationNotifier.app; sourceTree = BUILT_PRODUCTS_DIR; };
		96AB30431773EE560095E7A7 /* UIKit.framework */ = {isa = PBXFileReference; lastKnownFileType = wrapper.framework; name = UIKit.framework; path = System/Library/Frameworks/UIKit.framework; sourceTree = SDKROOT; };
		96AB30451773EE560095E7A7 /* Foundation.framework */ = {isa = PBXFileReference; lastKnownFileType = wrapper.framework; name = Foundation.framework; path = System/Library/Frameworks/Foundation.framework; sourceTree = SDKROOT; };
		96AB30471773EE560095E7A7 /* CoreGraphics.framework */ = {isa = PBXFileReference; lastKnownFileType = wrapper.framework; name = CoreGraphics.framework; path = System/Library/Frameworks/CoreGraphics.framework; sourceTree = SDKROOT; };
		96AB304B1773EE560095E7A7 /* LocationNotifier-Info.plist */ = {isa = PBXFileReference; lastKnownFileType = text.plist.xml; path = "LocationNotifier-Info.plist"; sourceTree = "<group>"; };
		96AB304D1773EE560095E7A7 /* en */ = {isa = PBXFileReference; lastKnownFileType = text.plist.strings; name = en; path = en.lproj/InfoPlist.strings; sourceTree = "<group>"; };
		96AB304F1773EE560095E7A7 /* main.m */ = {isa = PBXFileReference; lastKnownFileType = sourcecode.c.objc; path = main.m; sourceTree = "<group>"; };
		96AB30511773EE560095E7A7 /* LocationNotifier-Prefix.pch */ = {isa = PBXFileReference; lastKnownFileType = sourcecode.c.h; path = "LocationNotifier-Prefix.pch"; sourceTree = "<group>"; };
		96AB30521773EE560095E7A7 /* AppDelegate.h */ = {isa = PBXFileReference; lastKnownFileType = sourcecode.c.h; path = AppDelegate.h; sourceTree = "<group>"; };
		96AB30531773EE570095E7A7 /* AppDelegate.m */ = {isa = PBXFileReference; lastKnownFileType = sourcecode.c.objc; path = AppDelegate.m; sourceTree = "<group>"; };
		96AB30551773EE570095E7A7 /* Default.png */ = {isa = PBXFileReference; lastKnownFileType = image.png; path = Default.png; sourceTree = "<group>"; };
		96AB30571773EE570095E7A7 /* Default@2x.png */ = {isa = PBXFileReference; lastKnownFileType = image.png; path = "Default@2x.png"; sourceTree = "<group>"; };
		96AB30591773EE570095E7A7 /* Default-568h@2x.png */ = {isa = PBXFileReference; lastKnownFileType = image.png; path = "Default-568h@2x.png"; sourceTree = "<group>"; };
		96AB305C1773EE570095E7A7 /* en */ = {isa = PBXFileReference; lastKnownFileType = file.storyboard; name = en; path = en.lproj/MainStoryboard_iPhone.storyboard; sourceTree = "<group>"; };
		96AB305F1773EE570095E7A7 /* en */ = {isa = PBXFileReference; lastKnownFileType = file.storyboard; name = en; path = en.lproj/MainStoryboard_iPad.storyboard; sourceTree = "<group>"; };
		96AB30611773EE570095E7A7 /* MasterViewController.h */ = {isa = PBXFileReference; lastKnownFileType = sourcecode.c.h; path = MasterViewController.h; sourceTree = "<group>"; };
		96AB30621773EE570095E7A7 /* MasterViewController.m */ = {isa = PBXFileReference; lastKnownFileType = sourcecode.c.objc; path = MasterViewController.m; sourceTree = "<group>"; };
		96AB30641773EE570095E7A7 /* DetailViewController.h */ = {isa = PBXFileReference; lastKnownFileType = sourcecode.c.h; path = DetailViewController.h; sourceTree = "<group>"; };
		96AB30651773EE570095E7A7 /* DetailViewController.m */ = {isa = PBXFileReference; lastKnownFileType = sourcecode.c.objc; path = DetailViewController.m; sourceTree = "<group>"; };
/* End PBXFileReference section */

/* Begin PBXFrameworksBuildPhase section */
		96AB303D1773EE560095E7A7 /* Frameworks */ = {
			isa = PBXFrameworksBuildPhase;
			buildActionMask = 2147483647;
			files = (
				96AB30441773EE560095E7A7 /* UIKit.framework in Frameworks */,
				96AB30461773EE560095E7A7 /* Foundation.framework in Frameworks */,
				96AB30481773EE560095E7A7 /* CoreGraphics.framework in Frameworks */,
			);
			runOnlyForDeploymentPostprocessing = 0;
		};
/* End PBXFrameworksBuildPhase section */

/* Begin PBXGroup section */
		96AB30371773EE560095E7A7 = {
			isa = PBXGroup;
			children = (
				96AB30491773EE560095E7A7 /* LocationNotifier */,
				96AB30421773EE560095E7A7 /* Frameworks */,
				96AB30411773EE560095E7A7 /* Products */,
			);
			sourceTree = "<group>";
		};
		96AB30411773EE560095E7A7 /* Products */ = {
			isa = PBXGroup;
			children = (
				96AB30401773EE560095E7A7 /* LocationNotifier.app */,
			);
			name = Products;
			sourceTree = "<group>";
		};
		96AB30421773EE560095E7A7 /* Frameworks */ = {
			isa = PBXGroup;
			children = (
				96AB30431773EE560095E7A7 /* UIKit.framework */,
				96AB30451773EE560095E7A7 /* Foundation.framework */,
				96AB30471773EE560095E7A7 /* CoreGraphics.framework */,
			);
			name = Frameworks;
			sourceTree = "<group>";
		};
		96AB30491773EE560095E7A7 /* LocationNotifier */ = {
			isa = PBXGroup;
			children = (
				96AB30521773EE560095E7A7 /* AppDelegate.h */,
				96AB30531773EE570095E7A7 /* AppDelegate.m */,
				96AB305B1773EE570095E7A7 /* MainStoryboard_iPhone.storyboard */,
				96AB305E1773EE570095E7A7 /* MainStoryboard_iPad.storyboard */,
				96AB30611773EE570095E7A7 /* MasterViewController.h */,
				96AB30621773EE570095E7A7 /* MasterViewController.m */,
				96AB30641773EE570095E7A7 /* DetailViewController.h */,
				96AB30651773EE570095E7A7 /* DetailViewController.m */,
				96AB304A1773EE560095E7A7 /* Supporting Files */,
			);
			path = LocationNotifier;
			sourceTree = "<group>";
		};
		96AB304A1773EE560095E7A7 /* Supporting Files */ = {
			isa = PBXGroup;
			children = (
				96AB304B1773EE560095E7A7 /* LocationNotifier-Info.plist */,
				96AB304C1773EE560095E7A7 /* InfoPlist.strings */,
				96AB304F1773EE560095E7A7 /* main.m */,
				96AB30511773EE560095E7A7 /* LocationNotifier-Prefix.pch */,
				96AB30551773EE570095E7A7 /* Default.png */,
				96AB30571773EE570095E7A7 /* Default@2x.png */,
				96AB30591773EE570095E7A7 /* Default-568h@2x.png */,
			);
			name = "Supporting Files";
			sourceTree = "<group>";
		};
/* End PBXGroup section */

/* Begin PBXNativeTarget section */
		96AB303F1773EE560095E7A7 /* LocationNotifier */ = {
			isa = PBXNativeTarget;
			buildConfigurationList = 96AB30691773EE570095E7A7 /* Build configuration list for PBXNativeTarget "LocationNotifier" */;
			buildPhases = (
				96AB303C1773EE560095E7A7 /* Sources */,
				96AB303D1773EE560095E7A7 /* Frameworks */,
				96AB303E1773EE560095E7A7 /* Resources */,
			);
			buildRules = (
			);
			dependencies = (
			);
			name = LocationNotifier;
			productName = LocationNotifier;
			productReference = 96AB30401773EE560095E7A7 /* LocationNotifier.app */;
			productType = "com.apple.product-type.application";
		};
/* End PBXNativeTarget section */

/* Begin PBXProject section */
		96AB30381773EE560095E7A7 /* Project object */ = {
			isa = PBXProject;
			attributes = {
				LastUpgradeCheck = 0460;
				ORGANIZATIONNAME = "Jason Chang";
			};
			buildConfigurationList = 96AB303B1773EE560095E7A7 /* Build configuration list for PBXProject "LocationNotifier" */;
			compatibilityVersion = "Xcode 3.2";
			developmentRegion = English;
			hasScannedForEncodings = 0;
			knownRegions = (
				en,
			);
			mainGroup = 96AB30371773EE560095E7A7;
			productRefGroup = 96AB30411773EE560095E7A7 /* Products */;
			projectDirPath = "";
			projectRoot = "";
			targets = (
				96AB303F1773EE560095E7A7 /* LocationNotifier */,
			);
		};
/* End PBXProject section */

/* Begin PBXResourcesBuildPhase section */
		96AB303E1773EE560095E7A7 /* Resources */ = {
			isa = PBXResourcesBuildPhase;
			buildActionMask = 2147483647;
			files = (
				96AB304E1773EE560095E7A7 /* InfoPlist.strings in Resources */,
				96AB30561773EE570095E7A7 /* Default.png in Resources */,
				96AB30581773EE570095E7A7 /* Default@2x.png in Resources */,
				96AB305A1773EE570095E7A7 /* Default-568h@2x.png in Resources */,
				96AB305D1773EE570095E7A7 /* MainStoryboard_iPhone.storyboard in Resources */,
				96AB30601773EE570095E7A7 /* MainStoryboard_iPad.storyboard in Resources */,
			);
			runOnlyForDeploymentPostprocessing = 0;
		};
/* End PBXResourcesBuildPhase section */

/* Begin PBXSourcesBuildPhase section */
		96AB303C1773EE560095E7A7 /* Sources */ = {
			isa = PBXSourcesBuildPhase;
			buildActionMask = 2147483647;
			files = (
				96AB30501773EE560095E7A7 /* main.m in Sources */,
				96AB30541773EE570095E7A7 /* AppDelegate.m in Sources */,
				96AB30631773EE570095E7A7 /* MasterViewController.m in Sources */,
				96AB30661773EE570095E7A7 /* DetailViewController.m in Sources */,
			);
			runOnlyForDeploymentPostprocessing = 0;
		};
/* End PBXSourcesBuildPhase section */

/* Begin PBXVariantGroup section */
		96AB304C1773EE560095E7A7 /* InfoPlist.strings */ = {
			isa = PBXVariantGroup;
			children = (
				96AB304D1773EE560095E7A7 /* en */,
			);
			name = InfoPlist.strings;
			sourceTree = "<group>";
		};
		96AB305B1773EE570095E7A7 /* MainStoryboard_iPhone.storyboard */ = {
			isa = PBXVariantGroup;
			children = (
				96AB305C1773EE570095E7A7 /* en */,
			);
			name = MainStoryboard_iPhone.storyboard;
			sourceTree = "<group>";
		};
		96AB305E1773EE570095E7A7 /* MainStoryboard_iPad.storyboard */ = {
			isa = PBXVariantGroup;
			children = (
				96AB305F1773EE570095E7A7 /* en */,
			);
			name = MainStoryboard_iPad.storyboard;
			sourceTree = "<group>";
		};
/* End PBXVariantGroup section */

/* Begin XCBuildConfiguration section */
		96AB30671773EE570095E7A7 /* Debug */ = {
			isa = XCBuildConfiguration;
			buildSettings = {
				ALWAYS_SEARCH_USER_PATHS = NO;
				CLANG_CXX_LANGUAGE_STANDARD = "gnu++0x";
				CLANG_CXX_LIBRARY = "libc++";
				CLANG_ENABLE_OBJC_ARC = YES;
				CLANG_WARN_CONSTANT_CONVERSION = YES;
				CLANG_WARN_EMPTY_BODY = YES;
				CLANG_WARN_ENUM_CONVERSION = YES;
				CLANG_WARN_INT_CONVERSION = YES;
				CLANG_WARN__DUPLICATE_METHOD_MATCH = YES;
				"CODE_SIGN_IDENTITY[sdk=iphoneos*]" = "iPhone Developer";
				COPY_PHASE_STRIP = NO;
				GCC_C_LANGUAGE_STANDARD = gnu99;
				GCC_DYNAMIC_NO_PIC = NO;
				GCC_OPTIMIZATION_LEVEL = 0;
				GCC_PREPROCESSOR_DEFINITIONS = (
					"DEBUG=1",
					"$(inherited)",
				);
				GCC_SYMBOLS_PRIVATE_EXTERN = NO;
				GCC_WARN_ABOUT_RETURN_TYPE = YES;
				GCC_WARN_UNINITIALIZED_AUTOS = YES;
				GCC_WARN_UNUSED_VARIABLE = YES;
				IPHONEOS_DEPLOYMENT_TARGET = 6.1;
				ONLY_ACTIVE_ARCH = YES;
				SDKROOT = iphoneos;
				TARGETED_DEVICE_FAMILY = "1,2";
			};
			name = Debug;
		};
		96AB30681773EE570095E7A7 /* Release */ = {
			isa = XCBuildConfiguration;
			buildSettings = {
				ALWAYS_SEARCH_USER_PATHS = NO;
				CLANG_CXX_LANGUAGE_STANDARD = "gnu++0x";
				CLANG_CXX_LIBRARY = "libc++";
				CLANG_ENABLE_OBJC_ARC = YES;
				CLANG_WARN_CONSTANT_CONVERSION = YES;
				CLANG_WARN_EMPTY_BODY = YES;
				CLANG_WARN_ENUM_CONVERSION = YES;
				CLANG_WARN_INT_CONVERSION = YES;
				CLANG_WARN__DUPLICATE_METHOD_MATCH = YES;
				"CODE_SIGN_IDENTITY[sdk=iphoneos*]" = "iPhone Developer";
				COPY_PHASE_STRIP = YES;
				GCC_C_LANGUAGE_STANDARD = gnu99;
				GCC_WARN_ABOUT_RETURN_TYPE = YES;
				GCC_WARN_UNINITIALIZED_AUTOS = YES;
				GCC_WARN_UNUSED_VARIABLE = YES;
				IPHONEOS_DEPLOYMENT_TARGET = 6.1;
				OTHER_CFLAGS = "-DNS_BLOCK_ASSERTIONS=1";
				SDKROOT = iphoneos;
				TARGETED_DEVICE_FAMILY = "1,2";
				VALIDATE_PRODUCT = YES;
			};
			name = Release;
		};
		96AB306A1773EE570095E7A7 /* Debug */ = {
			isa = XCBuildConfiguration;
			buildSettings = {
				GCC_PRECOMPILE_PREFIX_HEADER = YES;
				GCC_PREFIX_HEADER = "LocationNotifier/LocationNotifier-Prefix.pch";
				INFOPLIST_FILE = "LocationNotifier/LocationNotifier-Info.plist";
				PRODUCT_NAME = "$(TARGET_NAME)";
				WRAPPER_EXTENSION = app;
			};
			name = Debug;
		};
		96AB306B1773EE570095E7A7 /* Release */ = {
			isa = XCBuildConfiguration;
			buildSettings = {
				GCC_PRECOMPILE_PREFIX_HEADER = YES;
				GCC_PREFIX_HEADER = "LocationNotifier/LocationNotifier-Prefix.pch";
				INFOPLIST_FILE = "LocationNotifier/LocationNotifier-Info.plist";
				PRODUCT_NAME = "$(TARGET_NAME)";
				WRAPPER_EXTENSION = app;
			};
			name = Release;
		};
/* End XCBuildConfiguration section */

/* Begin XCConfigurationList section */
		96AB303B1773EE560095E7A7 /* Build configuration list for PBXProject "LocationNotifier" */ = {
			isa = XCConfigurationList;
			buildConfigurations = (
				96AB30671773EE570095E7A7 /* Debug */,
				96AB30681773EE570095E7A7 /* Release */,
			);
			defaultConfigurationIsVisible = 0;
			defaultConfigurationName = Release;
		};
		96AB30691773EE570095E7A7 /* Build configuration list for PBXNativeTarget "LocationNotifier" */ = {
			isa = XCConfigurationList;
			buildConfigurations = (
				96AB306A1773EE570095E7A7 /* Debug */,
				96AB306B1773EE570095E7A7 /* Release */,
			);
			defaultConfigurationIsVisible = 0;
		};
/* End XCConfigurationList section */
	};
	rootObject = 96AB30381773EE560095E7A7 /* Project object */;
}
